
Microsoft Visual Studio Solution File, Format Version 12.00
Project("{FAE04EC0-301F-11D3-BF4B-00C04F79EFBC}") = "Flurl.Api", "Flurl.Api\Flurl.Api.csproj", "{84CAE74C-DCE8-478F-A6D5-B580169507C2}"
EndProject
Project("{FAE04EC0-301F-11D3-BF4B-00C04F79EFBC}") = "Flurl.Client", "Flurl.Client\Flurl.Client.csproj", "{A86269DF-04B5-42CD-8998-24EB51FB472F}"
EndProject
Global
	GlobalSection(SolutionConfigurationPlatforms) = preSolution
		Debug|Any CPU = Debug|Any CPU
		Release|Any CPU = Release|Any CPU
	EndGlobalSection
	GlobalSection(ProjectConfigurationPlatforms) = postSolution
		{84CAE74C-DCE8-478F-A6D5-B580169507C2}.Debug|Any CPU.ActiveCfg = Debug|Any CPU
		{84CAE74C-DCE8-478F-A6D5-B580169507C2}.Debug|Any CPU.Build.0 = Debug|Any CPU
		{84CAE74C-DCE8-478F-A6D5-B580169507C2}.Release|Any CPU.ActiveCfg = Release|Any CPU
		{84CAE74C-DCE8-478F-A6D5-B580169507C2}.Release|Any CPU.Build.0 = Release|Any CPU
		{A86269DF-04B5-42CD-8998-24EB51FB472F}.Debug|Any CPU.ActiveCfg = Debug|Any CPU
		{A86269DF-04B5-42CD-8998-24EB51FB472F}.Debug|Any CPU.Build.0 = Debug|Any CPU
		{A86269DF-04B5-42CD-8998-24EB51FB472F}.Release|Any CPU.ActiveCfg = Release|Any CPU
		{A86269DF-04B5-42CD-8998-24EB51FB472F}.Release|Any CPU.Build.0 = Release|Any CPU
	EndGlobalSection
EndGlobal
